// !$*UTF8*$!
{
	archiveVersion = 1;
	classes = {
	};
	objectVersion = 56;
	objects = {

/* Begin PBXBuildFile section */
		890BA0FF298F026E002FD7A0 /* UserDetailRouter.swift in Sources */ = {isa = PBXBuildFile; fileRef = 890BA0FB298F026E002FD7A0 /* UserDetailRouter.swift */; };
		890BA100298F026E002FD7A0 /* UserDetailViewController.swift in Sources */ = {isa = PBXBuildFile; fileRef = 890BA0FE298F026E002FD7A0 /* UserDetailViewController.swift */; };
		890BA101298F026E002FD7A0 /* UserDetailPresenter.swift in Sources */ = {isa = PBXBuildFile; fileRef = 890BA0FA298F026D002FD7A0 /* UserDetailPresenter.swift */; };
		890BA102298F026E002FD7A0 /* UserDetailAssembly.swift in Sources */ = {isa = PBXBuildFile; fileRef = 890BA0FC298F026E002FD7A0 /* UserDetailAssembly.swift */; };
		890BA103298F026E002FD7A0 /* UserDetailInteractor.swift in Sources */ = {isa = PBXBuildFile; fileRef = 890BA0FD298F026E002FD7A0 /* UserDetailInteractor.swift */; };
		890BA109298F027B002FD7A0 /* UserDetailViewModel.swift in Sources */ = {isa = PBXBuildFile; fileRef = 890BA106298F027B002FD7A0 /* UserDetailViewModel.swift */; };
		890BA10B298F027B002FD7A0 /* UserDetailBusinessModel.swift in Sources */ = {isa = PBXBuildFile; fileRef = 890BA108298F027B002FD7A0 /* UserDetailBusinessModel.swift */; };
		890BA10C298F074E002FD7A0 /* UserDetailViewController.xib in Resources */ = {isa = PBXBuildFile; fileRef = 890BA0F8298F026D002FD7A0 /* UserDetailViewController.xib */; };
		890BA10F298F0D2E002FD7A0 /* ProgressHUD in Frameworks */ = {isa = PBXBuildFile; productRef = 890BA10E298F0D2E002FD7A0 /* ProgressHUD */; };
		890BA111298F0DD1002FD7A0 /* BasePresenter+Extension.swift in Sources */ = {isa = PBXBuildFile; fileRef = 890BA110298F0DD1002FD7A0 /* BasePresenter+Extension.swift */; };
		890BA114298F0F59002FD7A0 /* Localizable.strings in Resources */ = {isa = PBXBuildFile; fileRef = 890BA116298F0F59002FD7A0 /* Localizable.strings */; };
		8925C186298E70ED006F882D /* DateFormatter+Extension.swift in Sources */ = {isa = PBXBuildFile; fileRef = 8925C185298E70ED006F882D /* DateFormatter+Extension.swift */; };
		8925C188298E73ED006F882D /* Array+Extension.swift in Sources */ = {isa = PBXBuildFile; fileRef = 8925C187298E73ED006F882D /* Array+Extension.swift */; };
		8925C18C298E7AF7006F882D /* UserCell.swift in Sources */ = {isa = PBXBuildFile; fileRef = 8925C18A298E7AF7006F882D /* UserCell.swift */; };
		8925C18D298E7AF7006F882D /* UserCell.xib in Resources */ = {isa = PBXBuildFile; fileRef = 8925C18B298E7AF7006F882D /* UserCell.xib */; };
		8925C18F298E8BEE006F882D /* UserImageServerModel.swift in Sources */ = {isa = PBXBuildFile; fileRef = 8925C18E298E8BEE006F882D /* UserImageServerModel.swift */; };
		899FA01A298C785000E076AA /* AppDelegate.swift in Sources */ = {isa = PBXBuildFile; fileRef = 899FA019298C785000E076AA /* AppDelegate.swift */; };
		899FA023298C785600E076AA /* Assets.xcassets in Resources */ = {isa = PBXBuildFile; fileRef = 899FA022298C785600E076AA /* Assets.xcassets */; };
		899FA026298C785600E076AA /* LaunchScreen.storyboard in Resources */ = {isa = PBXBuildFile; fileRef = 899FA024298C785600E076AA /* LaunchScreen.storyboard */; };
		899FA031298C785700E076AA /* RandomcoTests.swift in Sources */ = {isa = PBXBuildFile; fileRef = 899FA030298C785700E076AA /* RandomcoTests.swift */; };
		899FA03B298C785700E076AA /* RandomcoUITests.swift in Sources */ = {isa = PBXBuildFile; fileRef = 899FA03A298C785700E076AA /* RandomcoUITests.swift */; };
		899FA03D298C785700E076AA /* RandomcoUITestsLaunchTests.swift in Sources */ = {isa = PBXBuildFile; fileRef = 899FA03C298C785700E076AA /* RandomcoUITestsLaunchTests.swift */; };
		899FA04B298C7A7A00E076AA /* VIPERPLUS in Frameworks */ = {isa = PBXBuildFile; productRef = 899FA04A298C7A7A00E076AA /* VIPERPLUS */; };
		899FA05D298C7C5300E076AA /* HomeViewController.swift in Sources */ = {isa = PBXBuildFile; fileRef = 899FA056298C7C5300E076AA /* HomeViewController.swift */; };
		899FA05E298C7C5300E076AA /* HomeRouter.swift in Sources */ = {isa = PBXBuildFile; fileRef = 899FA057298C7C5300E076AA /* HomeRouter.swift */; };
		899FA05F298C7C5300E076AA /* HomeViewController.xib in Resources */ = {isa = PBXBuildFile; fileRef = 899FA058298C7C5300E076AA /* HomeViewController.xib */; };
		899FA060298C7C5300E076AA /* HomeAssembly.swift in Sources */ = {isa = PBXBuildFile; fileRef = 899FA059298C7C5300E076AA /* HomeAssembly.swift */; };
		899FA061298C7C5300E076AA /* HomePresenter.swift in Sources */ = {isa = PBXBuildFile; fileRef = 899FA05A298C7C5300E076AA /* HomePresenter.swift */; };
		899FA062298C7C5300E076AA /* HomeInteractor.swift in Sources */ = {isa = PBXBuildFile; fileRef = 899FA05B298C7C5300E076AA /* HomeInteractor.swift */; };
		899FA063298C7C5300E076AA /* HomeProvider.swift in Sources */ = {isa = PBXBuildFile; fileRef = 899FA05C298C7C5300E076AA /* HomeProvider.swift */; };
		899FA068298C7C6300E076AA /* HomeBusinessModel.swift in Sources */ = {isa = PBXBuildFile; fileRef = 899FA065298C7C6300E076AA /* HomeBusinessModel.swift */; };
		899FA069298C7C6300E076AA /* HomeServerModel.swift in Sources */ = {isa = PBXBuildFile; fileRef = 899FA066298C7C6300E076AA /* HomeServerModel.swift */; };
		899FA06A298C7C6300E076AA /* HomeViewModel.swift in Sources */ = {isa = PBXBuildFile; fileRef = 899FA067298C7C6300E076AA /* HomeViewModel.swift */; };
		899FA06E298C7E0800E076AA /* CustomRequest.swift in Sources */ = {isa = PBXBuildFile; fileRef = 899FA06D298C7E0800E076AA /* CustomRequest.swift */; };
		899FA070298C7E4900E076AA /* URLEndpoint.swift in Sources */ = {isa = PBXBuildFile; fileRef = 899FA06F298C7E4900E076AA /* URLEndpoint.swift */; };
		899FA074298C805800E076AA /* BaseProviderUtils+Extension.swift in Sources */ = {isa = PBXBuildFile; fileRef = 899FA073298C805800E076AA /* BaseProviderUtils+Extension.swift */; };
		899FA077298C80B500E076AA /* Utils.swift in Sources */ = {isa = PBXBuildFile; fileRef = 899FA076298C80B500E076AA /* Utils.swift */; };
		899FA079298C810500E076AA /* Enums.swift in Sources */ = {isa = PBXBuildFile; fileRef = 899FA078298C810500E076AA /* Enums.swift */; };
		899FA07B298C814E00E076AA /* Date+Extension.swift in Sources */ = {isa = PBXBuildFile; fileRef = 899FA07A298C814E00E076AA /* Date+Extension.swift */; };
		899FA07D298C822600E076AA /* BaseServerModel+Extension.swift in Sources */ = {isa = PBXBuildFile; fileRef = 899FA07C298C822600E076AA /* BaseServerModel+Extension.swift */; };
		899FA07F298C837C00E076AA /* BaseProvider+Extension.swift in Sources */ = {isa = PBXBuildFile; fileRef = 899FA07E298C837C00E076AA /* BaseProvider+Extension.swift */; };
/* End PBXBuildFile section */

/* Begin PBXContainerItemProxy section */
		899FA02D298C785700E076AA /* PBXContainerItemProxy */ = {
			isa = PBXContainerItemProxy;
			containerPortal = 899FA00E298C785000E076AA /* Project object */;
			proxyType = 1;
			remoteGlobalIDString = 899FA015298C785000E076AA;
			remoteInfo = Randomco;
		};
		899FA037298C785700E076AA /* PBXContainerItemProxy */ = {
			isa = PBXContainerItemProxy;
			containerPortal = 899FA00E298C785000E076AA /* Project object */;
			proxyType = 1;
			remoteGlobalIDString = 899FA015298C785000E076AA;
			remoteInfo = Randomco;
		};
/* End PBXContainerItemProxy section */

/* Begin PBXFileReference section */
		890BA0F8298F026D002FD7A0 /* UserDetailViewController.xib */ = {isa = PBXFileReference; lastKnownFileType = file.xib; path = UserDetailViewController.xib; sourceTree = "<group>"; };
		890BA0FA298F026D002FD7A0 /* UserDetailPresenter.swift */ = {isa = PBXFileReference; lastKnownFileType = sourcecode.swift; path = UserDetailPresenter.swift; sourceTree = "<group>"; };
		890BA0FB298F026E002FD7A0 /* UserDetailRouter.swift */ = {isa = PBXFileReference; lastKnownFileType = sourcecode.swift; path = UserDetailRouter.swift; sourceTree = "<group>"; };
		890BA0FC298F026E002FD7A0 /* UserDetailAssembly.swift */ = {isa = PBXFileReference; lastKnownFileType = sourcecode.swift; path = UserDetailAssembly.swift; sourceTree = "<group>"; };
		890BA0FD298F026E002FD7A0 /* UserDetailInteractor.swift */ = {isa = PBXFileReference; lastKnownFileType = sourcecode.swift; path = UserDetailInteractor.swift; sourceTree = "<group>"; };
		890BA0FE298F026E002FD7A0 /* UserDetailViewController.swift */ = {isa = PBXFileReference; lastKnownFileType = sourcecode.swift; path = UserDetailViewController.swift; sourceTree = "<group>"; };
		890BA106298F027B002FD7A0 /* UserDetailViewModel.swift */ = {isa = PBXFileReference; fileEncoding = 4; lastKnownFileType = sourcecode.swift; path = UserDetailViewModel.swift; sourceTree = "<group>"; };
		890BA108298F027B002FD7A0 /* UserDetailBusinessModel.swift */ = {isa = PBXFileReference; fileEncoding = 4; lastKnownFileType = sourcecode.swift; path = UserDetailBusinessModel.swift; sourceTree = "<group>"; };
		890BA110298F0DD1002FD7A0 /* BasePresenter+Extension.swift */ = {isa = PBXFileReference; lastKnownFileType = sourcecode.swift; path = "BasePresenter+Extension.swift"; sourceTree = "<group>"; };
		890BA115298F0F59002FD7A0 /* en */ = {isa = PBXFileReference; lastKnownFileType = text.plist.strings; name = en; path = en.lproj/Localizable.strings; sourceTree = "<group>"; };
		8925C185298E70ED006F882D /* DateFormatter+Extension.swift */ = {isa = PBXFileReference; lastKnownFileType = sourcecode.swift; path = "DateFormatter+Extension.swift"; sourceTree = "<group>"; };
		8925C187298E73ED006F882D /* Array+Extension.swift */ = {isa = PBXFileReference; lastKnownFileType = sourcecode.swift; path = "Array+Extension.swift"; sourceTree = "<group>"; };
		8925C18A298E7AF7006F882D /* UserCell.swift */ = {isa = PBXFileReference; lastKnownFileType = sourcecode.swift; path = UserCell.swift; sourceTree = "<group>"; };
		8925C18B298E7AF7006F882D /* UserCell.xib */ = {isa = PBXFileReference; lastKnownFileType = file.xib; path = UserCell.xib; sourceTree = "<group>"; };
		8925C18E298E8BEE006F882D /* UserImageServerModel.swift */ = {isa = PBXFileReference; lastKnownFileType = sourcecode.swift; path = UserImageServerModel.swift; sourceTree = "<group>"; };
		899FA016298C785000E076AA /* Randomco.app */ = {isa = PBXFileReference; explicitFileType = wrapper.application; includeInIndex = 0; path = Randomco.app; sourceTree = BUILT_PRODUCTS_DIR; };
		899FA019298C785000E076AA /* AppDelegate.swift */ = {isa = PBXFileReference; lastKnownFileType = sourcecode.swift; path = AppDelegate.swift; sourceTree = "<group>"; };
		899FA022298C785600E076AA /* Assets.xcassets */ = {isa = PBXFileReference; lastKnownFileType = folder.assetcatalog; path = Assets.xcassets; sourceTree = "<group>"; };
		899FA025298C785600E076AA /* Base */ = {isa = PBXFileReference; lastKnownFileType = file.storyboard; name = Base; path = Base.lproj/LaunchScreen.storyboard; sourceTree = "<group>"; };
		899FA027298C785600E076AA /* Info.plist */ = {isa = PBXFileReference; lastKnownFileType = text.plist.xml; path = Info.plist; sourceTree = "<group>"; };
		899FA02C298C785700E076AA /* RandomcoTests.xctest */ = {isa = PBXFileReference; explicitFileType = wrapper.cfbundle; includeInIndex = 0; path = RandomcoTests.xctest; sourceTree = BUILT_PRODUCTS_DIR; };
		899FA030298C785700E076AA /* RandomcoTests.swift */ = {isa = PBXFileReference; lastKnownFileType = sourcecode.swift; path = RandomcoTests.swift; sourceTree = "<group>"; };
		899FA036298C785700E076AA /* RandomcoUITests.xctest */ = {isa = PBXFileReference; explicitFileType = wrapper.cfbundle; includeInIndex = 0; path = RandomcoUITests.xctest; sourceTree = BUILT_PRODUCTS_DIR; };
		899FA03A298C785700E076AA /* RandomcoUITests.swift */ = {isa = PBXFileReference; lastKnownFileType = sourcecode.swift; path = RandomcoUITests.swift; sourceTree = "<group>"; };
		899FA03C298C785700E076AA /* RandomcoUITestsLaunchTests.swift */ = {isa = PBXFileReference; lastKnownFileType = sourcecode.swift; path = RandomcoUITestsLaunchTests.swift; sourceTree = "<group>"; };
		899FA056298C7C5300E076AA /* HomeViewController.swift */ = {isa = PBXFileReference; fileEncoding = 4; lastKnownFileType = sourcecode.swift; path = HomeViewController.swift; sourceTree = "<group>"; };
		899FA057298C7C5300E076AA /* HomeRouter.swift */ = {isa = PBXFileReference; fileEncoding = 4; lastKnownFileType = sourcecode.swift; path = HomeRouter.swift; sourceTree = "<group>"; };
		899FA058298C7C5300E076AA /* HomeViewController.xib */ = {isa = PBXFileReference; fileEncoding = 4; lastKnownFileType = file.xib; path = HomeViewController.xib; sourceTree = "<group>"; };
		899FA059298C7C5300E076AA /* HomeAssembly.swift */ = {isa = PBXFileReference; fileEncoding = 4; lastKnownFileType = sourcecode.swift; path = HomeAssembly.swift; sourceTree = "<group>"; };
		899FA05A298C7C5300E076AA /* HomePresenter.swift */ = {isa = PBXFileReference; fileEncoding = 4; lastKnownFileType = sourcecode.swift; path = HomePresenter.swift; sourceTree = "<group>"; };
		899FA05B298C7C5300E076AA /* HomeInteractor.swift */ = {isa = PBXFileReference; fileEncoding = 4; lastKnownFileType = sourcecode.swift; path = HomeInteractor.swift; sourceTree = "<group>"; };
		899FA05C298C7C5300E076AA /* HomeProvider.swift */ = {isa = PBXFileReference; fileEncoding = 4; lastKnownFileType = sourcecode.swift; path = HomeProvider.swift; sourceTree = "<group>"; };
		899FA065298C7C6300E076AA /* HomeBusinessModel.swift */ = {isa = PBXFileReference; fileEncoding = 4; lastKnownFileType = sourcecode.swift; path = HomeBusinessModel.swift; sourceTree = "<group>"; };
		899FA066298C7C6300E076AA /* HomeServerModel.swift */ = {isa = PBXFileReference; fileEncoding = 4; lastKnownFileType = sourcecode.swift; path = HomeServerModel.swift; sourceTree = "<group>"; };
		899FA067298C7C6300E076AA /* HomeViewModel.swift */ = {isa = PBXFileReference; fileEncoding = 4; lastKnownFileType = sourcecode.swift; path = HomeViewModel.swift; sourceTree = "<group>"; };
		899FA06D298C7E0800E076AA /* CustomRequest.swift */ = {isa = PBXFileReference; lastKnownFileType = sourcecode.swift; path = CustomRequest.swift; sourceTree = "<group>"; };
		899FA06F298C7E4900E076AA /* URLEndpoint.swift */ = {isa = PBXFileReference; lastKnownFileType = sourcecode.swift; path = URLEndpoint.swift; sourceTree = "<group>"; };
		899FA073298C805800E076AA /* BaseProviderUtils+Extension.swift */ = {isa = PBXFileReference; lastKnownFileType = sourcecode.swift; path = "BaseProviderUtils+Extension.swift"; sourceTree = "<group>"; };
		899FA076298C80B500E076AA /* Utils.swift */ = {isa = PBXFileReference; lastKnownFileType = sourcecode.swift; path = Utils.swift; sourceTree = "<group>"; };
		899FA078298C810500E076AA /* Enums.swift */ = {isa = PBXFileReference; lastKnownFileType = sourcecode.swift; path = Enums.swift; sourceTree = "<group>"; };
		899FA07A298C814E00E076AA /* Date+Extension.swift */ = {isa = PBXFileReference; lastKnownFileType = sourcecode.swift; path = "Date+Extension.swift"; sourceTree = "<group>"; };
		899FA07C298C822600E076AA /* BaseServerModel+Extension.swift */ = {isa = PBXFileReference; lastKnownFileType = sourcecode.swift; path = "BaseServerModel+Extension.swift"; sourceTree = "<group>"; };
		899FA07E298C837C00E076AA /* BaseProvider+Extension.swift */ = {isa = PBXFileReference; lastKnownFileType = sourcecode.swift; path = "BaseProvider+Extension.swift"; sourceTree = "<group>"; };
/* End PBXFileReference section */

/* Begin PBXFrameworksBuildPhase section */
		899FA013298C785000E076AA /* Frameworks */ = {
			isa = PBXFrameworksBuildPhase;
			buildActionMask = 2147483647;
			files = (
				899FA04B298C7A7A00E076AA /* VIPERPLUS in Frameworks */,
				890BA10F298F0D2E002FD7A0 /* ProgressHUD in Frameworks */,
			);
			runOnlyForDeploymentPostprocessing = 0;
		};
		899FA029298C785700E076AA /* Frameworks */ = {
			isa = PBXFrameworksBuildPhase;
			buildActionMask = 2147483647;
			files = (
			);
			runOnlyForDeploymentPostprocessing = 0;
		};
		899FA033298C785700E076AA /* Frameworks */ = {
			isa = PBXFrameworksBuildPhase;
			buildActionMask = 2147483647;
			files = (
			);
			runOnlyForDeploymentPostprocessing = 0;
		};
/* End PBXFrameworksBuildPhase section */

/* Begin PBXGroup section */
		890BA0F5298F024C002FD7A0 /* UserDetail */ = {
			isa = PBXGroup;
			children = (
				890BA105298F0271002FD7A0 /* Models */,
				890BA0FC298F026E002FD7A0 /* UserDetailAssembly.swift */,
				890BA0FD298F026E002FD7A0 /* UserDetailInteractor.swift */,
				890BA0FA298F026D002FD7A0 /* UserDetailPresenter.swift */,
				890BA0FB298F026E002FD7A0 /* UserDetailRouter.swift */,
				890BA0FE298F026E002FD7A0 /* UserDetailViewController.swift */,
				890BA0F8298F026D002FD7A0 /* UserDetailViewController.xib */,
			);
			path = UserDetail;
			sourceTree = "<group>";
		};
		890BA105298F0271002FD7A0 /* Models */ = {
			isa = PBXGroup;
			children = (
				890BA108298F027B002FD7A0 /* UserDetailBusinessModel.swift */,
				890BA106298F027B002FD7A0 /* UserDetailViewModel.swift */,
			);
			path = Models;
			sourceTree = "<group>";
		};
		8925C189298E7ADE006F882D /* Cells */ = {
			isa = PBXGroup;
			children = (
				8925C18A298E7AF7006F882D /* UserCell.swift */,
				8925C18B298E7AF7006F882D /* UserCell.xib */,
			);
			path = Cells;
			sourceTree = "<group>";
		};
		899FA00D298C785000E076AA = {
			isa = PBXGroup;
			children = (
				899FA018298C785000E076AA /* Randomco */,
				899FA02F298C785700E076AA /* RandomcoTests */,
				899FA039298C785700E076AA /* RandomcoUITests */,
				899FA017298C785000E076AA /* Products */,
			);
			sourceTree = "<group>";
		};
		899FA017298C785000E076AA /* Products */ = {
			isa = PBXGroup;
			children = (
				899FA016298C785000E076AA /* Randomco.app */,
				899FA02C298C785700E076AA /* RandomcoTests.xctest */,
				899FA036298C785700E076AA /* RandomcoUITests.xctest */,
			);
			name = Products;
			sourceTree = "<group>";
		};
		899FA018298C785000E076AA /* Randomco */ = {
			isa = PBXGroup;
			children = (
				899FA04D298C7BBE00E076AA /* Classes */,
				899FA04C298C7B7C00E076AA /* CoreApp */,
				899FA022298C785600E076AA /* Assets.xcassets */,
				899FA024298C785600E076AA /* LaunchScreen.storyboard */,
				899FA027298C785600E076AA /* Info.plist */,
				890BA116298F0F59002FD7A0 /* Localizable.strings */,
			);
			path = Randomco;
			sourceTree = "<group>";
		};
		899FA02F298C785700E076AA /* RandomcoTests */ = {
			isa = PBXGroup;
			children = (
				899FA030298C785700E076AA /* RandomcoTests.swift */,
			);
			path = RandomcoTests;
			sourceTree = "<group>";
		};
		899FA039298C785700E076AA /* RandomcoUITests */ = {
			isa = PBXGroup;
			children = (
				899FA03A298C785700E076AA /* RandomcoUITests.swift */,
				899FA03C298C785700E076AA /* RandomcoUITestsLaunchTests.swift */,
			);
			path = RandomcoUITests;
			sourceTree = "<group>";
		};
		899FA04C298C7B7C00E076AA /* CoreApp */ = {
			isa = PBXGroup;
			children = (
				899FA019298C785000E076AA /* AppDelegate.swift */,
			);
			path = CoreApp;
			sourceTree = "<group>";
		};
		899FA04D298C7BBE00E076AA /* Classes */ = {
			isa = PBXGroup;
			children = (
				899FA075298C80A900E076AA /* Common */,
				899FA071298C802700E076AA /* Extensions */,
				899FA06B298C7DD400E076AA /* Base */,
				899FA04E298C7BD500E076AA /* Modules */,
			);
			path = Classes;
			sourceTree = "<group>";
		};
		899FA04E298C7BD500E076AA /* Modules */ = {
			isa = PBXGroup;
			children = (
				890BA0F5298F024C002FD7A0 /* UserDetail */,
				899FA053298C7C1F00E076AA /* Home */,
			);
			path = Modules;
			sourceTree = "<group>";
		};
		899FA053298C7C1F00E076AA /* Home */ = {
			isa = PBXGroup;
			children = (
				8925C189298E7ADE006F882D /* Cells */,
				899FA064298C7C5A00E076AA /* Models */,
				899FA059298C7C5300E076AA /* HomeAssembly.swift */,
				899FA05B298C7C5300E076AA /* HomeInteractor.swift */,
				899FA05A298C7C5300E076AA /* HomePresenter.swift */,
				899FA05C298C7C5300E076AA /* HomeProvider.swift */,
				899FA057298C7C5300E076AA /* HomeRouter.swift */,
				899FA056298C7C5300E076AA /* HomeViewController.swift */,
				899FA058298C7C5300E076AA /* HomeViewController.xib */,
			);
			path = Home;
			sourceTree = "<group>";
		};
		899FA064298C7C5A00E076AA /* Models */ = {
			isa = PBXGroup;
			children = (
				899FA065298C7C6300E076AA /* HomeBusinessModel.swift */,
				899FA066298C7C6300E076AA /* HomeServerModel.swift */,
				899FA067298C7C6300E076AA /* HomeViewModel.swift */,
				8925C18E298E8BEE006F882D /* UserImageServerModel.swift */,
			);
			path = Models;
			sourceTree = "<group>";
		};
		899FA06B298C7DD400E076AA /* Base */ = {
			isa = PBXGroup;
			children = (
				899FA06C298C7DE700E076AA /* Provider */,
			);
			path = Base;
			sourceTree = "<group>";
		};
		899FA06C298C7DE700E076AA /* Provider */ = {
			isa = PBXGroup;
			children = (
				899FA06D298C7E0800E076AA /* CustomRequest.swift */,
				899FA06F298C7E4900E076AA /* URLEndpoint.swift */,
			);
			path = Provider;
			sourceTree = "<group>";
		};
		899FA071298C802700E076AA /* Extensions */ = {
			isa = PBXGroup;
			children = (
				899FA072298C803D00E076AA /* BaseVIPER */,
				899FA07A298C814E00E076AA /* Date+Extension.swift */,
				8925C185298E70ED006F882D /* DateFormatter+Extension.swift */,
				8925C187298E73ED006F882D /* Array+Extension.swift */,
			);
			path = Extensions;
			sourceTree = "<group>";
		};
		899FA072298C803D00E076AA /* BaseVIPER */ = {
			isa = PBXGroup;
			children = (
				899FA073298C805800E076AA /* BaseProviderUtils+Extension.swift */,
				899FA07C298C822600E076AA /* BaseServerModel+Extension.swift */,
				899FA07E298C837C00E076AA /* BaseProvider+Extension.swift */,
				890BA110298F0DD1002FD7A0 /* BasePresenter+Extension.swift */,
			);
			path = BaseVIPER;
			sourceTree = "<group>";
		};
		899FA075298C80A900E076AA /* Common */ = {
			isa = PBXGroup;
			children = (
				899FA076298C80B500E076AA /* Utils.swift */,
				899FA078298C810500E076AA /* Enums.swift */,
			);
			path = Common;
			sourceTree = "<group>";
		};
/* End PBXGroup section */

/* Begin PBXNativeTarget section */
		899FA015298C785000E076AA /* Randomco */ = {
			isa = PBXNativeTarget;
			buildConfigurationList = 899FA040298C785700E076AA /* Build configuration list for PBXNativeTarget "Randomco" */;
			buildPhases = (
				899FA012298C785000E076AA /* Sources */,
				899FA013298C785000E076AA /* Frameworks */,
				899FA014298C785000E076AA /* Resources */,
			);
			buildRules = (
			);
			dependencies = (
			);
			name = Randomco;
			packageProductDependencies = (
				899FA04A298C7A7A00E076AA /* VIPERPLUS */,
				890BA10E298F0D2E002FD7A0 /* ProgressHUD */,
			);
			productName = Randomco;
			productReference = 899FA016298C785000E076AA /* Randomco.app */;
			productType = "com.apple.product-type.application";
		};
		899FA02B298C785700E076AA /* RandomcoTests */ = {
			isa = PBXNativeTarget;
			buildConfigurationList = 899FA043298C785700E076AA /* Build configuration list for PBXNativeTarget "RandomcoTests" */;
			buildPhases = (
				899FA028298C785700E076AA /* Sources */,
				899FA029298C785700E076AA /* Frameworks */,
				899FA02A298C785700E076AA /* Resources */,
			);
			buildRules = (
			);
			dependencies = (
				899FA02E298C785700E076AA /* PBXTargetDependency */,
			);
			name = RandomcoTests;
			productName = RandomcoTests;
			productReference = 899FA02C298C785700E076AA /* RandomcoTests.xctest */;
			productType = "com.apple.product-type.bundle.unit-test";
		};
		899FA035298C785700E076AA /* RandomcoUITests */ = {
			isa = PBXNativeTarget;
			buildConfigurationList = 899FA046298C785700E076AA /* Build configuration list for PBXNativeTarget "RandomcoUITests" */;
			buildPhases = (
				899FA032298C785700E076AA /* Sources */,
				899FA033298C785700E076AA /* Frameworks */,
				899FA034298C785700E076AA /* Resources */,
			);
			buildRules = (
			);
			dependencies = (
				899FA038298C785700E076AA /* PBXTargetDependency */,
			);
			name = RandomcoUITests;
			productName = RandomcoUITests;
			productReference = 899FA036298C785700E076AA /* RandomcoUITests.xctest */;
			productType = "com.apple.product-type.bundle.ui-testing";
		};
/* End PBXNativeTarget section */

/* Begin PBXProject section */
		899FA00E298C785000E076AA /* Project object */ = {
			isa = PBXProject;
			attributes = {
				BuildIndependentTargetsInParallel = 1;
				LastSwiftUpdateCheck = 1420;
				LastUpgradeCheck = 1420;
				TargetAttributes = {
					899FA015298C785000E076AA = {
						CreatedOnToolsVersion = 14.2;
					};
					899FA02B298C785700E076AA = {
						CreatedOnToolsVersion = 14.2;
						TestTargetID = 899FA015298C785000E076AA;
					};
					899FA035298C785700E076AA = {
						CreatedOnToolsVersion = 14.2;
						TestTargetID = 899FA015298C785000E076AA;
					};
				};
			};
			buildConfigurationList = 899FA011298C785000E076AA /* Build configuration list for PBXProject "Randomco" */;
			compatibilityVersion = "Xcode 14.0";
			developmentRegion = en;
			hasScannedForEncodings = 0;
			knownRegions = (
				en,
				Base,
			);
			mainGroup = 899FA00D298C785000E076AA;
			packageReferences = (
				899FA049298C7A7A00E076AA /* XCRemoteSwiftPackageReference "BaseViper" */,
				890BA10D298F0D2E002FD7A0 /* XCRemoteSwiftPackageReference "ProgressHUD" */,
			);
			productRefGroup = 899FA017298C785000E076AA /* Products */;
			projectDirPath = "";
			projectRoot = "";
			targets = (
				899FA015298C785000E076AA /* Randomco */,
				899FA02B298C785700E076AA /* RandomcoTests */,
				899FA035298C785700E076AA /* RandomcoUITests */,
			);
		};
/* End PBXProject section */

/* Begin PBXResourcesBuildPhase section */
		899FA014298C785000E076AA /* Resources */ = {
			isa = PBXResourcesBuildPhase;
			buildActionMask = 2147483647;
			files = (
				8925C18D298E7AF7006F882D /* UserCell.xib in Resources */,
				890BA114298F0F59002FD7A0 /* Localizable.strings in Resources */,
				890BA10C298F074E002FD7A0 /* UserDetailViewController.xib in Resources */,
				899FA026298C785600E076AA /* LaunchScreen.storyboard in Resources */,
				899FA023298C785600E076AA /* Assets.xcassets in Resources */,
				899FA05F298C7C5300E076AA /* HomeViewController.xib in Resources */,
			);
			runOnlyForDeploymentPostprocessing = 0;
		};
		899FA02A298C785700E076AA /* Resources */ = {
			isa = PBXResourcesBuildPhase;
			buildActionMask = 2147483647;
			files = (
			);
			runOnlyForDeploymentPostprocessing = 0;
		};
		899FA034298C785700E076AA /* Resources */ = {
			isa = PBXResourcesBuildPhase;
			buildActionMask = 2147483647;
			files = (
			);
			runOnlyForDeploymentPostprocessing = 0;
		};
/* End PBXResourcesBuildPhase section */

/* Begin PBXSourcesBuildPhase section */
		899FA012298C785000E076AA /* Sources */ = {
			isa = PBXSourcesBuildPhase;
			buildActionMask = 2147483647;
			files = (
				899FA06A298C7C6300E076AA /* HomeViewModel.swift in Sources */,
				890BA0FF298F026E002FD7A0 /* UserDetailRouter.swift in Sources */,
				890BA100298F026E002FD7A0 /* UserDetailViewController.swift in Sources */,
				899FA063298C7C5300E076AA /* HomeProvider.swift in Sources */,
				899FA05E298C7C5300E076AA /* HomeRouter.swift in Sources */,
				899FA077298C80B500E076AA /* Utils.swift in Sources */,
				899FA069298C7C6300E076AA /* HomeServerModel.swift in Sources */,
				899FA07B298C814E00E076AA /* Date+Extension.swift in Sources */,
				899FA074298C805800E076AA /* BaseProviderUtils+Extension.swift in Sources */,
				890BA103298F026E002FD7A0 /* UserDetailInteractor.swift in Sources */,
				890BA102298F026E002FD7A0 /* UserDetailAssembly.swift in Sources */,
				890BA111298F0DD1002FD7A0 /* BasePresenter+Extension.swift in Sources */,
				8925C18F298E8BEE006F882D /* UserImageServerModel.swift in Sources */,
				890BA101298F026E002FD7A0 /* UserDetailPresenter.swift in Sources */,
				899FA07D298C822600E076AA /* BaseServerModel+Extension.swift in Sources */,
				899FA070298C7E4900E076AA /* URLEndpoint.swift in Sources */,
				890BA10B298F027B002FD7A0 /* UserDetailBusinessModel.swift in Sources */,
				899FA079298C810500E076AA /* Enums.swift in Sources */,
				890BA109298F027B002FD7A0 /* UserDetailViewModel.swift in Sources */,
				899FA060298C7C5300E076AA /* HomeAssembly.swift in Sources */,
				8925C188298E73ED006F882D /* Array+Extension.swift in Sources */,
				899FA06E298C7E0800E076AA /* CustomRequest.swift in Sources */,
				899FA068298C7C6300E076AA /* HomeBusinessModel.swift in Sources */,
				899FA061298C7C5300E076AA /* HomePresenter.swift in Sources */,
				8925C186298E70ED006F882D /* DateFormatter+Extension.swift in Sources */,
				899FA01A298C785000E076AA /* AppDelegate.swift in Sources */,
				899FA05D298C7C5300E076AA /* HomeViewController.swift in Sources */,
				899FA062298C7C5300E076AA /* HomeInteractor.swift in Sources */,
				899FA07F298C837C00E076AA /* BaseProvider+Extension.swift in Sources */,
				8925C18C298E7AF7006F882D /* UserCell.swift in Sources */,
			);
			runOnlyForDeploymentPostprocessing = 0;
		};
		899FA028298C785700E076AA /* Sources */ = {
			isa = PBXSourcesBuildPhase;
			buildActionMask = 2147483647;
			files = (
				899FA031298C785700E076AA /* RandomcoTests.swift in Sources */,
			);
			runOnlyForDeploymentPostprocessing = 0;
		};
		899FA032298C785700E076AA /* Sources */ = {
			isa = PBXSourcesBuildPhase;
			buildActionMask = 2147483647;
			files = (
				899FA03D298C785700E076AA /* RandomcoUITestsLaunchTests.swift in Sources */,
				899FA03B298C785700E076AA /* RandomcoUITests.swift in Sources */,
			);
			runOnlyForDeploymentPostprocessing = 0;
		};
/* End PBXSourcesBuildPhase section */

/* Begin PBXTargetDependency section */
		899FA02E298C785700E076AA /* PBXTargetDependency */ = {
			isa = PBXTargetDependency;
			target = 899FA015298C785000E076AA /* Randomco */;
			targetProxy = 899FA02D298C785700E076AA /* PBXContainerItemProxy */;
		};
		899FA038298C785700E076AA /* PBXTargetDependency */ = {
			isa = PBXTargetDependency;
			target = 899FA015298C785000E076AA /* Randomco */;
			targetProxy = 899FA037298C785700E076AA /* PBXContainerItemProxy */;
		};
/* End PBXTargetDependency section */

/* Begin PBXVariantGroup section */
		890BA116298F0F59002FD7A0 /* Localizable.strings */ = {
			isa = PBXVariantGroup;
			children = (
				890BA115298F0F59002FD7A0 /* en */,
			);
			name = Localizable.strings;
			sourceTree = "<group>";
		};
		899FA024298C785600E076AA /* LaunchScreen.storyboard */ = {
			isa = PBXVariantGroup;
			children = (
				899FA025298C785600E076AA /* Base */,
			);
			name = LaunchScreen.storyboard;
			sourceTree = "<group>";
		};
/* End PBXVariantGroup section */

/* Begin XCBuildConfiguration section */
		899FA03E298C785700E076AA /* Debug */ = {
			isa = XCBuildConfiguration;
			buildSettings = {
				ALWAYS_SEARCH_USER_PATHS = NO;
				CLANG_ANALYZER_NONNULL = YES;
				CLANG_ANALYZER_NUMBER_OBJECT_CONVERSION = YES_AGGRESSIVE;
				CLANG_CXX_LANGUAGE_STANDARD = "gnu++20";
				CLANG_ENABLE_MODULES = YES;
				CLANG_ENABLE_OBJC_ARC = YES;
				CLANG_ENABLE_OBJC_WEAK = YES;
				CLANG_WARN_BLOCK_CAPTURE_AUTORELEASING = YES;
				CLANG_WARN_BOOL_CONVERSION = YES;
				CLANG_WARN_COMMA = YES;
				CLANG_WARN_CONSTANT_CONVERSION = YES;
				CLANG_WARN_DEPRECATED_OBJC_IMPLEMENTATIONS = YES;
				CLANG_WARN_DIRECT_OBJC_ISA_USAGE = YES_ERROR;
				CLANG_WARN_DOCUMENTATION_COMMENTS = YES;
				CLANG_WARN_EMPTY_BODY = YES;
				CLANG_WARN_ENUM_CONVERSION = YES;
				CLANG_WARN_INFINITE_RECURSION = YES;
				CLANG_WARN_INT_CONVERSION = YES;
				CLANG_WARN_NON_LITERAL_NULL_CONVERSION = YES;
				CLANG_WARN_OBJC_IMPLICIT_RETAIN_SELF = YES;
				CLANG_WARN_OBJC_LITERAL_CONVERSION = YES;
				CLANG_WARN_OBJC_ROOT_CLASS = YES_ERROR;
				CLANG_WARN_QUOTED_INCLUDE_IN_FRAMEWORK_HEADER = YES;
				CLANG_WARN_RANGE_LOOP_ANALYSIS = YES;
				CLANG_WARN_STRICT_PROTOTYPES = YES;
				CLANG_WARN_SUSPICIOUS_MOVE = YES;
				CLANG_WARN_UNGUARDED_AVAILABILITY = YES_AGGRESSIVE;
				CLANG_WARN_UNREACHABLE_CODE = YES;
				CLANG_WARN__DUPLICATE_METHOD_MATCH = YES;
				COPY_PHASE_STRIP = NO;
				DEBUG_INFORMATION_FORMAT = dwarf;
				ENABLE_STRICT_OBJC_MSGSEND = YES;
				ENABLE_TESTABILITY = YES;
				GCC_C_LANGUAGE_STANDARD = gnu11;
				GCC_DYNAMIC_NO_PIC = NO;
				GCC_NO_COMMON_BLOCKS = YES;
				GCC_OPTIMIZATION_LEVEL = 0;
				GCC_PREPROCESSOR_DEFINITIONS = (
					"DEBUG=1",
					"$(inherited)",
				);
				GCC_WARN_64_TO_32_BIT_CONVERSION = YES;
				GCC_WARN_ABOUT_RETURN_TYPE = YES_ERROR;
				GCC_WARN_UNDECLARED_SELECTOR = YES;
				GCC_WARN_UNINITIALIZED_AUTOS = YES_AGGRESSIVE;
				GCC_WARN_UNUSED_FUNCTION = YES;
				GCC_WARN_UNUSED_VARIABLE = YES;
				IPHONEOS_DEPLOYMENT_TARGET = 16.2;
				MTL_ENABLE_DEBUG_INFO = INCLUDE_SOURCE;
				MTL_FAST_MATH = YES;
				ONLY_ACTIVE_ARCH = YES;
				SDKROOT = iphoneos;
				SWIFT_ACTIVE_COMPILATION_CONDITIONS = DEBUG;
				SWIFT_OPTIMIZATION_LEVEL = "-Onone";
			};
			name = Debug;
		};
		899FA03F298C785700E076AA /* Release */ = {
			isa = XCBuildConfiguration;
			buildSettings = {
				ALWAYS_SEARCH_USER_PATHS = NO;
				CLANG_ANALYZER_NONNULL = YES;
				CLANG_ANALYZER_NUMBER_OBJECT_CONVERSION = YES_AGGRESSIVE;
				CLANG_CXX_LANGUAGE_STANDARD = "gnu++20";
				CLANG_ENABLE_MODULES = YES;
				CLANG_ENABLE_OBJC_ARC = YES;
				CLANG_ENABLE_OBJC_WEAK = YES;
				CLANG_WARN_BLOCK_CAPTURE_AUTORELEASING = YES;
				CLANG_WARN_BOOL_CONVERSION = YES;
				CLANG_WARN_COMMA = YES;
				CLANG_WARN_CONSTANT_CONVERSION = YES;
				CLANG_WARN_DEPRECATED_OBJC_IMPLEMENTATIONS = YES;
				CLANG_WARN_DIRECT_OBJC_ISA_USAGE = YES_ERROR;
				CLANG_WARN_DOCUMENTATION_COMMENTS = YES;
				CLANG_WARN_EMPTY_BODY = YES;
				CLANG_WARN_ENUM_CONVERSION = YES;
				CLANG_WARN_INFINITE_RECURSION = YES;
				CLANG_WARN_INT_CONVERSION = YES;
				CLANG_WARN_NON_LITERAL_NULL_CONVERSION = YES;
				CLANG_WARN_OBJC_IMPLICIT_RETAIN_SELF = YES;
				CLANG_WARN_OBJC_LITERAL_CONVERSION = YES;
				CLANG_WARN_OBJC_ROOT_CLASS = YES_ERROR;
				CLANG_WARN_QUOTED_INCLUDE_IN_FRAMEWORK_HEADER = YES;
				CLANG_WARN_RANGE_LOOP_ANALYSIS = YES;
				CLANG_WARN_STRICT_PROTOTYPES = YES;
				CLANG_WARN_SUSPICIOUS_MOVE = YES;
				CLANG_WARN_UNGUARDED_AVAILABILITY = YES_AGGRESSIVE;
				CLANG_WARN_UNREACHABLE_CODE = YES;
				CLANG_WARN__DUPLICATE_METHOD_MATCH = YES;
				COPY_PHASE_STRIP = NO;
				DEBUG_INFORMATION_FORMAT = "dwarf-with-dsym";
				ENABLE_NS_ASSERTIONS = NO;
				ENABLE_STRICT_OBJC_MSGSEND = YES;
				GCC_C_LANGUAGE_STANDARD = gnu11;
				GCC_NO_COMMON_BLOCKS = YES;
				GCC_WARN_64_TO_32_BIT_CONVERSION = YES;
				GCC_WARN_ABOUT_RETURN_TYPE = YES_ERROR;
				GCC_WARN_UNDECLARED_SELECTOR = YES;
				GCC_WARN_UNINITIALIZED_AUTOS = YES_AGGRESSIVE;
				GCC_WARN_UNUSED_FUNCTION = YES;
				GCC_WARN_UNUSED_VARIABLE = YES;
				IPHONEOS_DEPLOYMENT_TARGET = 16.2;
				MTL_ENABLE_DEBUG_INFO = NO;
				MTL_FAST_MATH = YES;
				SDKROOT = iphoneos;
				SWIFT_COMPILATION_MODE = wholemodule;
				SWIFT_OPTIMIZATION_LEVEL = "-O";
				VALIDATE_PRODUCT = YES;
			};
			name = Release;
		};
		899FA041298C785700E076AA /* Debug */ = {
			isa = XCBuildConfiguration;
			buildSettings = {
				ASSETCATALOG_COMPILER_APPICON_NAME = AppIcon;
				ASSETCATALOG_COMPILER_GLOBAL_ACCENT_COLOR_NAME = AccentColor;
				CODE_SIGN_STYLE = Automatic;
				CURRENT_PROJECT_VERSION = 1;
				GENERATE_INFOPLIST_FILE = YES;
				INFOPLIST_FILE = Randomco/Info.plist;
				INFOPLIST_KEY_UIApplicationSupportsIndirectInputEvents = YES;
				INFOPLIST_KEY_UILaunchStoryboardName = LaunchScreen;
				INFOPLIST_KEY_UIMainStoryboardFile = "";
				INFOPLIST_KEY_UISupportedInterfaceOrientations_iPad = "UIInterfaceOrientationPortrait UIInterfaceOrientationPortraitUpsideDown UIInterfaceOrientationLandscapeLeft UIInterfaceOrientationLandscapeRight";
				INFOPLIST_KEY_UISupportedInterfaceOrientations_iPhone = "UIInterfaceOrientationPortrait UIInterfaceOrientationLandscapeLeft UIInterfaceOrientationLandscapeRight";
				LD_RUNPATH_SEARCH_PATHS = (
					"$(inherited)",
					"@executable_path/Frameworks",
				);
				MARKETING_VERSION = 1.0;
				PRODUCT_BUNDLE_IDENTIFIER = com.randomcom.eduard.borras.Randomco;
				PRODUCT_NAME = "$(TARGET_NAME)";
				SWIFT_EMIT_LOC_STRINGS = YES;
				SWIFT_VERSION = 5.0;
				TARGETED_DEVICE_FAMILY = "1,2";
			};
			name = Debug;
		};
		899FA042298C785700E076AA /* Release */ = {
			isa = XCBuildConfiguration;
			buildSettings = {
				ASSETCATALOG_COMPILER_APPICON_NAME = AppIcon;
				ASSETCATALOG_COMPILER_GLOBAL_ACCENT_COLOR_NAME = AccentColor;
				CODE_SIGN_STYLE = Automatic;
				CURRENT_PROJECT_VERSION = 1;
				GENERATE_INFOPLIST_FILE = YES;
				INFOPLIST_FILE = Randomco/Info.plist;
				INFOPLIST_KEY_UIApplicationSupportsIndirectInputEvents = YES;
				INFOPLIST_KEY_UILaunchStoryboardName = LaunchScreen;
				INFOPLIST_KEY_UIMainStoryboardFile = "";
				INFOPLIST_KEY_UISupportedInterfaceOrientations_iPad = "UIInterfaceOrientationPortrait UIInterfaceOrientationPortraitUpsideDown UIInterfaceOrientationLandscapeLeft UIInterfaceOrientationLandscapeRight";
				INFOPLIST_KEY_UISupportedInterfaceOrientations_iPhone = "UIInterfaceOrientationPortrait UIInterfaceOrientationLandscapeLeft UIInterfaceOrientationLandscapeRight";
				LD_RUNPATH_SEARCH_PATHS = (
					"$(inherited)",
					"@executable_path/Frameworks",
				);
				MARKETING_VERSION = 1.0;
				PRODUCT_BUNDLE_IDENTIFIER = com.randomcom.eduard.borras.Randomco;
				PRODUCT_NAME = "$(TARGET_NAME)";
				SWIFT_EMIT_LOC_STRINGS = YES;
				SWIFT_VERSION = 5.0;
				TARGETED_DEVICE_FAMILY = "1,2";
			};
			name = Release;
		};
		899FA044298C785700E076AA /* Debug */ = {
			isa = XCBuildConfiguration;
			buildSettings = {
				ALWAYS_EMBED_SWIFT_STANDARD_LIBRARIES = YES;
				BUNDLE_LOADER = "$(TEST_HOST)";
				CODE_SIGN_STYLE = Automatic;
				CURRENT_PROJECT_VERSION = 1;
				GENERATE_INFOPLIST_FILE = YES;
				IPHONEOS_DEPLOYMENT_TARGET = 16.2;
				MARKETING_VERSION = 1.0;
				PRODUCT_BUNDLE_IDENTIFIER = com.randomcom.eduard.borras.RandomcoTests;
				PRODUCT_NAME = "$(TARGET_NAME)";
				SWIFT_EMIT_LOC_STRINGS = NO;
				SWIFT_VERSION = 5.0;
				TARGETED_DEVICE_FAMILY = "1,2";
				TEST_HOST = "$(BUILT_PRODUCTS_DIR)/Randomco.app/$(BUNDLE_EXECUTABLE_FOLDER_PATH)/Randomco";
			};
			name = Debug;
		};
		899FA045298C785700E076AA /* Release */ = {
			isa = XCBuildConfiguration;
			buildSettings = {
				ALWAYS_EMBED_SWIFT_STANDARD_LIBRARIES = YES;
				BUNDLE_LOADER = "$(TEST_HOST)";
				CODE_SIGN_STYLE = Automatic;
				CURRENT_PROJECT_VERSION = 1;
				GENERATE_INFOPLIST_FILE = YES;
				IPHONEOS_DEPLOYMENT_TARGET = 16.2;
				MARKETING_VERSION = 1.0;
				PRODUCT_BUNDLE_IDENTIFIER = com.randomcom.eduard.borras.RandomcoTests;
				PRODUCT_NAME = "$(TARGET_NAME)";
				SWIFT_EMIT_LOC_STRINGS = NO;
				SWIFT_VERSION = 5.0;
				TARGETED_DEVICE_FAMILY = "1,2";
				TEST_HOST = "$(BUILT_PRODUCTS_DIR)/Randomco.app/$(BUNDLE_EXECUTABLE_FOLDER_PATH)/Randomco";
			};
			name = Release;
		};
		899FA047298C785700E076AA /* Debug */ = {
			isa = XCBuildConfiguration;
			buildSettings = {
				ALWAYS_EMBED_SWIFT_STANDARD_LIBRARIES = YES;
				CODE_SIGN_STYLE = Automatic;
				CURRENT_PROJECT_VERSION = 1;
				GENERATE_INFOPLIST_FILE = YES;
				MARKETING_VERSION = 1.0;
				PRODUCT_BUNDLE_IDENTIFIER = com.randomcom.eduard.borras.RandomcoUITests;
				PRODUCT_NAME = "$(TARGET_NAME)";
				SWIFT_EMIT_LOC_STRINGS = NO;
				SWIFT_VERSION = 5.0;
				TARGETED_DEVICE_FAMILY = "1,2";
				TEST_TARGET_NAME = Randomco;
			};
			name = Debug;
		};
		899FA048298C785700E076AA /* Release */ = {
			isa = XCBuildConfiguration;
			buildSettings = {
				ALWAYS_EMBED_SWIFT_STANDARD_LIBRARIES = YES;
				CODE_SIGN_STYLE = Automatic;
				CURRENT_PROJECT_VERSION = 1;
				GENERATE_INFOPLIST_FILE = YES;
				MARKETING_VERSION = 1.0;
				PRODUCT_BUNDLE_IDENTIFIER = com.randomcom.eduard.borras.RandomcoUITests;
				PRODUCT_NAME = "$(TARGET_NAME)";
				SWIFT_EMIT_LOC_STRINGS = NO;
				SWIFT_VERSION = 5.0;
				TARGETED_DEVICE_FAMILY = "1,2";
				TEST_TARGET_NAME = Randomco;
			};
			name = Release;
		};
/* End XCBuildConfiguration section */

/* Begin XCConfigurationList section */
		899FA011298C785000E076AA /* Build configuration list for PBXProject "Randomco" */ = {
			isa = XCConfigurationList;
			buildConfigurations = (
				899FA03E298C785700E076AA /* Debug */,
				899FA03F298C785700E076AA /* Release */,
			);
			defaultConfigurationIsVisible = 0;
			defaultConfigurationName = Release;
		};
		899FA040298C785700E076AA /* Build configuration list for PBXNativeTarget "Randomco" */ = {
			isa = XCConfigurationList;
			buildConfigurations = (
				899FA041298C785700E076AA /* Debug */,
				899FA042298C785700E076AA /* Release */,
			);
			defaultConfigurationIsVisible = 0;
			defaultConfigurationName = Release;
		};
		899FA043298C785700E076AA /* Build configuration list for PBXNativeTarget "RandomcoTests" */ = {
			isa = XCConfigurationList;
			buildConfigurations = (
				899FA044298C785700E076AA /* Debug */,
				899FA045298C785700E076AA /* Release */,
			);
			defaultConfigurationIsVisible = 0;
			defaultConfigurationName = Release;
		};
		899FA046298C785700E076AA /* Build configuration list for PBXNativeTarget "RandomcoUITests" */ = {
			isa = XCConfigurationList;
			buildConfigurations = (
				899FA047298C785700E076AA /* Debug */,
				899FA048298C785700E076AA /* Release */,
			);
			defaultConfigurationIsVisible = 0;
			defaultConfigurationName = Release;
		};
/* End XCConfigurationList section */

/* Begin XCRemoteSwiftPackageReference section */
		890BA10D298F0D2E002FD7A0 /* XCRemoteSwiftPackageReference "ProgressHUD" */ = {
			isa = XCRemoteSwiftPackageReference;
			repositoryURL = "https://github.com/relatedcode/ProgressHUD.git";
			requirement = {
				kind = upToNextMajorVersion;
				minimumVersion = 13.0.0;
			};
		};
		899FA049298C7A7A00E076AA /* XCRemoteSwiftPackageReference "BaseViper" */ = {
			isa = XCRemoteSwiftPackageReference;
			repositoryURL = "https://github.com/EdeXApple/BaseViper.git";
			requirement = {
				kind = upToNextMajorVersion;
				minimumVersion = 1.0.0;
			};
		};
/* End XCRemoteSwiftPackageReference section */

/* Begin XCSwiftPackageProductDependency section */
		890BA10E298F0D2E002FD7A0 /* ProgressHUD */ = {
			isa = XCSwiftPackageProductDependency;
			package = 890BA10D298F0D2E002FD7A0 /* XCRemoteSwiftPackageReference "ProgressHUD" */;
			productName = ProgressHUD;
		};
		899FA04A298C7A7A00E076AA /* VIPERPLUS */ = {
			isa = XCSwiftPackageProductDependency;
			package = 899FA049298C7A7A00E076AA /* XCRemoteSwiftPackageReference "BaseViper" */;
			productName = VIPERPLUS;
		};
/* End XCSwiftPackageProductDependency section */
	};
	rootObject = 899FA00E298C785000E076AA /* Project object */;
}
